
Microsoft Visual Studio Solution File, Format Version 12.00
# Visual Studio Version 17
VisualStudioVersion = 17.2.32616.157
MinimumVisualStudioVersion = 10.0.40219.1
Project("{9A19103F-16F7-4668-BE54-9A1E7A4F7556}") = "ApplicationCore", "src\ApplicationCore\ApplicationCore.csproj", "{51E946CC-9A3F-4626-8B5C-2807F9B916AC}"
EndProject
Project("{9A19103F-16F7-4668-BE54-9A1E7A4F7556}") = "ConsoleApp", "src\ConsoleApp\ConsoleApp.csproj", "{53B714FE-BC54-4D57-9961-49D5039F1FDD}"
EndProject
Project("{9A19103F-16F7-4668-BE54-9A1E7A4F7556}") = "Adapters.FileSystemStorage", "src\Adapters.FileSystemStorage\Adapters.FileSystemStorage.csproj", "{EFFE6872-47D9-4097-8E3A-5EB91DD26828}"
EndProject
Project("{FAE04EC0-301F-11D3-BF4B-00C04F79EFBC}") = "Adapters.WindowsScreenCapture", "src\Adapters.WindowsScreenCapture\Adapters.WindowsScreenCapture.csproj", "{09BDE6B0-0D25-4B7A-8698-F92B0CF402AD}"
EndProject
Global
	GlobalSection(SolutionConfigurationPlatforms) = preSolution
		Debug|Any CPU = Debug|Any CPU
		Release|Any CPU = Release|Any CPU
	EndGlobalSection
	GlobalSection(ProjectConfigurationPlatforms) = postSolution
		{51E946CC-9A3F-4626-8B5C-2807F9B916AC}.Debug|Any CPU.ActiveCfg = Debug|Any CPU
		{51E946CC-9A3F-4626-8B5C-2807F9B916AC}.Debug|Any CPU.Build.0 = Debug|Any CPU
		{51E946CC-9A3F-4626-8B5C-2807F9B916AC}.Release|Any CPU.ActiveCfg = Release|Any CPU
		{51E946CC-9A3F-4626-8B5C-2807F9B916AC}.Release|Any CPU.Build.0 = Release|Any CPU
		{53B714FE-BC54-4D57-9961-49D5039F1FDD}.Debug|Any CPU.ActiveCfg = Debug|Any CPU
		{53B714FE-BC54-4D57-9961-49D5039F1FDD}.Debug|Any CPU.Build.0 = Debug|Any CPU
		{53B714FE-BC54-4D57-9961-49D5039F1FDD}.Release|Any CPU.ActiveCfg = Release|Any CPU
		{53B714FE-BC54-4D57-9961-49D5039F1FDD}.Release|Any CPU.Build.0 = Release|Any CPU
		{EFFE6872-47D9-4097-8E3A-5EB91DD26828}.Debug|Any CPU.ActiveCfg = Debug|Any CPU
		{EFFE6872-47D9-4097-8E3A-5EB91DD26828}.Debug|Any CPU.Build.0 = Debug|Any CPU
		{EFFE6872-47D9-4097-8E3A-5EB91DD26828}.Release|Any CPU.ActiveCfg = Release|Any CPU
		{EFFE6872-47D9-4097-8E3A-5EB91DD26828}.Release|Any CPU.Build.0 = Release|Any CPU
		{09BDE6B0-0D25-4B7A-8698-F92B0CF402AD}.Debug|Any CPU.ActiveCfg = Debug|Any CPU
		{09BDE6B0-0D25-4B7A-8698-F92B0CF402AD}.Debug|Any CPU.Build.0 = Debug|Any CPU
		{09BDE6B0-0D25-4B7A-8698-F92B0CF402AD}.Release|Any CPU.ActiveCfg = Release|Any CPU
		{09BDE6B0-0D25-4B7A-8698-F92B0CF402AD}.Release|Any CPU.Build.0 = Release|Any CPU
	EndGlobalSection
	GlobalSection(SolutionProperties) = preSolution
		HideSolutionNode = FALSE
	EndGlobalSection
	GlobalSection(ExtensibilityGlobals) = postSolution
		SolutionGuid = {AB368BED-F3AE-4300-943B-511651C721C7}
	EndGlobalSection
EndGlobal
